// !$*UTF8*$!
{
	archiveVersion = 1;
	classes = {
	};
	objectVersion = 56;
	objects = {

/* Begin PBXBuildFile section */
		77A1B2C3D4E5F6000000001D /* MainView.swift in Sources */ = {isa = PBXBuildFile; fileRef = 77A1B2C3D4E5F60000000011 /* MainView.swift */; };
		77A1B2C3D4E5F6000000001E /* ArxivViewModel.swift in Sources */ = {isa = PBXBuildFile; fileRef = 77A1B2C3D4E5F6000000000F /* ArxivViewModel.swift */; };
		77A1B2C3D4E5F6000000001F /* TrackChangesViewModel.swift in Sources */ = {isa = PBXBuildFile; fileRef = 77A1B2C3D4E5F60000000010 /* TrackChangesViewModel.swift */; };
		77A1B2C3D4E5F60000000020 /* BackendClient.swift in Sources */ = {isa = PBXBuildFile; fileRef = 77A1B2C3D4E5F6000000000D /* BackendClient.swift */; };
		77A1B2C3D4E5F60000000021 /* ServerManager.swift in Sources */ = {isa = PBXBuildFile; fileRef = 77A1B2C3D4E5F6000000000E /* ServerManager.swift */; };
		77A1B2C3D4E5F60000000022 /* TeXCleanerApp.swift in Sources */ = {isa = PBXBuildFile; fileRef = 77A1B2C3D4E5F60000000007 /* TeXCleanerApp.swift */; };
		77A1B2C3D4E5F60000000023 /* ArxivTabView.swift in Sources */ = {isa = PBXBuildFile; fileRef = 77A1B2C3D4E5F60000000012 /* ArxivTabView.swift */; };
		77A1B2C3D4E5F60000000024 /* TrackChangesTabView.swift in Sources */ = {isa = PBXBuildFile; fileRef = 77A1B2C3D4E5F60000000013 /* TrackChangesTabView.swift */; };
		77A1B2C3D4E5F60000000029 /* CleaningOptions.swift in Sources */ = {isa = PBXBuildFile; fileRef = 77A1B2C3D4E5F60000000028 /* CleaningOptions.swift */; };
		77A1B2C3D4E5F6000000002B /* OutputResultView.swift in Sources */ = {isa = PBXBuildFile; fileRef = 77A1B2C3D4E5F6000000002A /* OutputResultView.swift */; };
		77A1B2C3D4E5F6000000002D /* Assets.xcassets in Resources */ = {isa = PBXBuildFile; fileRef = 77A1B2C3D4E5F6000000002C /* Assets.xcassets */; };
/* End PBXBuildFile section */

/* Begin PBXFileReference section */
		77A1B2C3D4E5F60000000001 /* TeXCleaner.app */ = {isa = PBXFileReference; explicitFileType = wrapper.application; includeInIndex = 0; path = TeXCleaner.app; sourceTree = BUILT_PRODUCTS_DIR; };
		77A1B2C3D4E5F60000000007 /* TeXCleanerApp.swift */ = {isa = PBXFileReference; lastKnownFileType = sourcecode.swift; path = TeXCleanerApp.swift; sourceTree = "<group>"; };
		77A1B2C3D4E5F6000000000D /* BackendClient.swift */ = {isa = PBXFileReference; lastKnownFileType = sourcecode.swift; path = BackendClient.swift; sourceTree = "<group>"; };
		77A1B2C3D4E5F6000000000E /* ServerManager.swift */ = {isa = PBXFileReference; lastKnownFileType = sourcecode.swift; path = ServerManager.swift; sourceTree = "<group>"; };
		77A1B2C3D4E5F6000000000F /* ArxivViewModel.swift */ = {isa = PBXFileReference; lastKnownFileType = sourcecode.swift; path = ArxivViewModel.swift; sourceTree = "<group>"; };
		77A1B2C3D4E5F60000000010 /* TrackChangesViewModel.swift */ = {isa = PBXFileReference; lastKnownFileType = sourcecode.swift; path = TrackChangesViewModel.swift; sourceTree = "<group>"; };
		77A1B2C3D4E5F60000000011 /* MainView.swift */ = {isa = PBXFileReference; lastKnownFileType = sourcecode.swift; path = MainView.swift; sourceTree = "<group>"; };
		77A1B2C3D4E5F60000000012 /* ArxivTabView.swift */ = {isa = PBXFileReference; lastKnownFileType = sourcecode.swift; path = ArxivTabView.swift; sourceTree = "<group>"; };
		77A1B2C3D4E5F60000000013 /* TrackChangesTabView.swift */ = {isa = PBXFileReference; lastKnownFileType = sourcecode.swift; path = TrackChangesTabView.swift; sourceTree = "<group>"; };
		77A1B2C3D4E5F60000000028 /* CleaningOptions.swift */ = {isa = PBXFileReference; lastKnownFileType = sourcecode.swift; path = CleaningOptions.swift; sourceTree = "<group>"; };
		77A1B2C3D4E5F6000000002A /* OutputResultView.swift */ = {isa = PBXFileReference; lastKnownFileType = sourcecode.swift; path = OutputResultView.swift; sourceTree = "<group>"; };
		77A1B2C3D4E5F6000000002C /* Assets.xcassets */ = {isa = PBXFileReference; lastKnownFileType = folder.assetcatalog; path = Assets.xcassets; sourceTree = "<group>"; };
/* End PBXFileReference section */

/* Begin PBXFrameworksBuildPhase section */
		77A1B2C3D4E5F60000000002 /* Frameworks */ = {
			isa = PBXFrameworksBuildPhase;
			buildActionMask = 2147483647;
			files = (
			);
			runOnlyForDeploymentPostprocessing = 0;
		};
/* End PBXFrameworksBuildPhase section */

/* Begin PBXGroup section */
		77A1B2C3D4E5F60000000003 /* TeXCleaner */ = {
			isa = PBXGroup;
			children = (
				77A1B2C3D4E5F60000000004 /* TeXCleaner */,
				77A1B2C3D4E5F60000000005 /* Products */,
			);
			sourceTree = "<group>";
		};
		77A1B2C3D4E5F60000000004 /* TeXCleaner */ = {
			isa = PBXGroup;
			children = (
				77A1B2C3D4E5F60000000006 /* App */,
			);
			path = "";
			sourceTree = "<group>";
		};
		77A1B2C3D4E5F60000000005 /* Products */ = {
			isa = PBXGroup;
			children = (
				77A1B2C3D4E5F60000000001 /* TeXCleaner.app */,
			);
			name = Products;
			sourceTree = "<group>";
		};
		77A1B2C3D4E5F60000000006 /* App */ = {
			isa = PBXGroup;
			children = (
				77A1B2C3D4E5F60000000007 /* TeXCleanerApp.swift */,
				77A1B2C3D4E5F6000000002C /* Assets.xcassets */,
				77A1B2C3D4E5F60000000027 /* Models */,
				77A1B2C3D4E5F6000000000A /* Networking */,
				77A1B2C3D4E5F6000000000B /* ViewModels */,
				77A1B2C3D4E5F6000000000C /* Views */,
			);
			path = App;
			sourceTree = "<group>";
		};
		77A1B2C3D4E5F6000000000A /* Networking */ = {
			isa = PBXGroup;
			children = (
				77A1B2C3D4E5F6000000000D /* BackendClient.swift */,
				77A1B2C3D4E5F6000000000E /* ServerManager.swift */,
			);
			path = Networking;
			sourceTree = "<group>";
		};
		77A1B2C3D4E5F6000000000B /* ViewModels */ = {
			isa = PBXGroup;
			children = (
				77A1B2C3D4E5F6000000000F /* ArxivViewModel.swift */,
				77A1B2C3D4E5F60000000010 /* TrackChangesViewModel.swift */,
			);
			path = ViewModels;
			sourceTree = "<group>";
		};
		77A1B2C3D4E5F6000000000C /* Views */ = {
			isa = PBXGroup;
			children = (
				77A1B2C3D4E5F60000000011 /* MainView.swift */,
				77A1B2C3D4E5F60000000012 /* ArxivTabView.swift */,
				77A1B2C3D4E5F60000000013 /* TrackChangesTabView.swift */,
				77A1B2C3D4E5F6000000002A /* OutputResultView.swift */,
			);
			path = Views;
			sourceTree = "<group>";
		};
		77A1B2C3D4E5F60000000027 /* Models */ = {
			isa = PBXGroup;
			children = (
				77A1B2C3D4E5F60000000028 /* CleaningOptions.swift */,
			);
			path = Models;
			sourceTree = "<group>";
		};
/* End PBXGroup section */

/* Begin PBXNativeTarget section */
		77A1B2C3D4E5F60000000014 /* TeXCleaner */ = {
			isa = PBXNativeTarget;
			buildConfigurationList = 77A1B2C3D4E5F60000000018 /* Build configuration list for PBXNativeTarget "TeXCleaner" */;
			buildPhases = (
				77A1B2C3D4E5F60000000015 /* Sources */,
				77A1B2C3D4E5F60000000002 /* Frameworks */,
				77A1B2C3D4E5F60000000016 /* Resources */,
				77A1B2C3D4E5F60000000026 /* Bundle Python Backend */,
			);
			buildRules = (
			);
			dependencies = (
			);
			name = TeXCleaner;
			productName = TeXCleaner;
			productReference = 77A1B2C3D4E5F60000000001 /* TeXCleaner.app */;
			productType = "com.apple.product-type.application";
		};
/* End PBXNativeTarget section */

/* Begin PBXProject section */
		77A1B2C3D4E5F60000000017 /* Project object */ = {
			isa = PBXProject;
			attributes = {
				BuildIndependentTargetsInParallel = 1;
				LastSwiftUpdateCheck = 1540;
				LastUpgradeCheck = 1540;
			};
			buildConfigurationList = 77A1B2C3D4E5F60000000025 /* Build configuration list for PBXProject "TeXCleaner" */;
			compatibilityVersion = "Xcode 14.0";
			mainGroup = 77A1B2C3D4E5F60000000003 /* TeXCleaner */;
			productRefGroup = 77A1B2C3D4E5F60000000005 /* Products */;
			projectDirPath = "";
			projectRoot = "";
			targets = (
				77A1B2C3D4E5F60000000014 /* TeXCleaner */,
			);
		};
/* End PBXProject section */

/* Begin PBXResourcesBuildPhase section */
		77A1B2C3D4E5F60000000016 /* Resources */ = {
			isa = PBXResourcesBuildPhase;
			buildActionMask = 2147483647;
			files = (
				77A1B2C3D4E5F6000000002D /* Assets.xcassets in Resources */,
			);
			runOnlyForDeploymentPostprocessing = 0;
		};
/* End PBXResourcesBuildPhase section */

/* Begin PBXShellScriptBuildPhase section */
		77A1B2C3D4E5F60000000026 /* Bundle Python Backend */ = {
			isa = PBXShellScriptBuildPhase;
			buildActionMask = 2147483647;
			files = (
			);
			inputPaths = (
				"$(SRCROOT)/../version.py",
				"$(SRCROOT)/__init__.py",
				"$(SRCROOT)/__main__.py",
				"$(SRCROOT)/job_store.py",
				"$(SRCROOT)/server.py",
				"$(SRCROOT)/wrapper.py",
				"$(SRCROOT)/scripts",
			);
			name = "Bundle Python Backend";
			outputPaths = (
				"$(TARGET_BUILD_DIR)/$(UNLOCALIZED_RESOURCES_FOLDER_PATH)/backend/version.py",
				"$(TARGET_BUILD_DIR)/$(UNLOCALIZED_RESOURCES_FOLDER_PATH)/backend/texcleaner/__init__.py",
				"$(TARGET_BUILD_DIR)/$(UNLOCALIZED_RESOURCES_FOLDER_PATH)/backend/texcleaner/__main__.py",
				"$(TARGET_BUILD_DIR)/$(UNLOCALIZED_RESOURCES_FOLDER_PATH)/backend/texcleaner/job_store.py",
				"$(TARGET_BUILD_DIR)/$(UNLOCALIZED_RESOURCES_FOLDER_PATH)/backend/texcleaner/server.py",
				"$(TARGET_BUILD_DIR)/$(UNLOCALIZED_RESOURCES_FOLDER_PATH)/backend/texcleaner/wrapper.py",
				"$(TARGET_BUILD_DIR)/$(UNLOCALIZED_RESOURCES_FOLDER_PATH)/backend/texcleaner/scripts",
			);
			runOnlyForDeploymentPostprocessing = 0;
			shellPath = /bin/zsh;
			shellScript = "set -euo pipefail\nBACKEND_DIR=\"${TARGET_BUILD_DIR}/${UNLOCALIZED_RESOURCES_FOLDER_PATH}/backend\"\nPACKAGE_DIR=\"${BACKEND_DIR}/texcleaner\"\nrm -rf \"${BACKEND_DIR}\"\nmkdir -p \"${PACKAGE_DIR}\"\ncp \"${SRCROOT}/../version.py\" \"${BACKEND_DIR}/version.py\"\ncp \"${SRCROOT}/__init__.py\" \"${PACKAGE_DIR}/__init__.py\"\ncp \"${SRCROOT}/__main__.py\" \"${PACKAGE_DIR}/__main__.py\"\ncp \"${SRCROOT}/job_store.py\" \"${PACKAGE_DIR}/job_store.py\"\ncp \"${SRCROOT}/server.py\" \"${PACKAGE_DIR}/server.py\"\ncp \"${SRCROOT}/wrapper.py\" \"${PACKAGE_DIR}/wrapper.py\"\ncp -R \"${SRCROOT}/scripts\" \"${PACKAGE_DIR}/scripts\"\n";
		};
/* End PBXShellScriptBuildPhase section */

/* Begin PBXSourcesBuildPhase section */
		77A1B2C3D4E5F60000000015 /* Sources */ = {
			isa = PBXSourcesBuildPhase;
			buildActionMask = 2147483647;
			files = (
				77A1B2C3D4E5F60000000022 /* TeXCleanerApp.swift in Sources */,
				77A1B2C3D4E5F60000000020 /* BackendClient.swift in Sources */,
				77A1B2C3D4E5F60000000021 /* ServerManager.swift in Sources */,
				77A1B2C3D4E5F6000000001E /* ArxivViewModel.swift in Sources */,
				77A1B2C3D4E5F6000000001F /* TrackChangesViewModel.swift in Sources */,
				77A1B2C3D4E5F6000000001D /* MainView.swift in Sources */,
				77A1B2C3D4E5F60000000023 /* ArxivTabView.swift in Sources */,
				77A1B2C3D4E5F60000000024 /* TrackChangesTabView.swift in Sources */,
				77A1B2C3D4E5F60000000029 /* CleaningOptions.swift in Sources */,
				77A1B2C3D4E5F6000000002B /* OutputResultView.swift in Sources */,
			);
			runOnlyForDeploymentPostprocessing = 0;
		};
/* End PBXSourcesBuildPhase section */

/* Begin XCBuildConfiguration section */
		77A1B2C3D4E5F60000000019 /* Debug */ = {
			isa = XCBuildConfiguration;
			buildSettings = {
				ASSETCATALOG_COMPILER_APPICON_NAME = AppIcon;
				CODE_SIGN_IDENTITY = "";
				CODE_SIGN_STYLE = Automatic;
				CODE_SIGNING_ALLOWED = YES;
				CODE_SIGNING_REQUIRED = NO;
				COPY_PHASE_STRIP = NO;
				DEBUG_INFORMATION_FORMAT = dwarf;
				DEVELOPMENT_TEAM = "";
				ENABLE_HARDENED_RUNTIME = YES;
				INFOPLIST_FILE = App/Info.plist;
				MACOSX_DEPLOYMENT_TARGET = 13.0;
				MTL_ENABLE_DEBUG_INFO = INCLUDE_SOURCE;
				ONLY_ACTIVE_ARCH = YES;
				PRODUCT_BUNDLE_IDENTIFIER = com.texcleaner.app;
				PRODUCT_NAME = "$(TARGET_NAME)";
				SWIFT_EMIT_LOC_STRINGS = YES;
				SWIFT_VERSION = 5.9;
			};
			name = Debug;
		};
		77A1B2C3D4E5F6000000001A /* Release */ = {
			isa = XCBuildConfiguration;
			buildSettings = {
				ASSETCATALOG_COMPILER_APPICON_NAME = AppIcon;
				CODE_SIGN_IDENTITY = "";
				CODE_SIGN_STYLE = Automatic;
				CODE_SIGNING_ALLOWED = YES;
				CODE_SIGNING_REQUIRED = NO;
				COPY_PHASE_STRIP = NO;
				DEBUG_INFORMATION_FORMAT = "dwarf-with-dsym";
				DEVELOPMENT_TEAM = "";
				ENABLE_HARDENED_RUNTIME = YES;
				INFOPLIST_FILE = App/Info.plist;
				MACOSX_DEPLOYMENT_TARGET = 13.0;
				PRODUCT_BUNDLE_IDENTIFIER = com.texcleaner.app;
				PRODUCT_NAME = "$(TARGET_NAME)";
				SWIFT_VERSION = 5.9;
			};
			name = Release;
		};
		77A1B2C3D4E5F6000000001B /* Debug */ = {
			isa = XCBuildConfiguration;
			buildSettings = {
				ALWAYS_SEARCH_USER_PATHS = NO;
				ASSETCATALOG_COMPILER_GENERATE_SWIFT_ASSET_SYMBOL_EXTENSIONS = YES;
				CLANG_ANALYZER_NONNULL = YES;
				CLANG_CXX_LANGUAGE_STANDARD = "gnu++20";
				CLANG_ENABLE_MODULES = YES;
				CLANG_ENABLE_OBJC_ARC = YES;
				COPY_PHASE_STRIP = NO;
				DEBUG_INFORMATION_FORMAT = dwarf;
				ENABLE_STRICT_OBJC_MSGSEND = YES;
				ENABLE_TESTABILITY = YES;
				GCC_DYNAMIC_NO_PIC = NO;
				GCC_OPTIMIZATION_LEVEL = 0;
				GCC_PREPROCESSOR_DEFINITIONS = (
					"DEBUG=1",
					"$(inherited)",
				);
				MACOSX_DEPLOYMENT_TARGET = 13.0;
				MTL_ENABLE_DEBUG_INFO = INCLUDE_SOURCE;
				ONLY_ACTIVE_ARCH = YES;
				SWIFT_ACTIVE_COMPILATION_CONDITIONS = "DEBUG $(inherited)";
				SWIFT_OPTIMIZATION_LEVEL = "-Onone";
			};
			name = Debug;
		};
		77A1B2C3D4E5F6000000001C /* Release */ = {
			isa = XCBuildConfiguration;
			buildSettings = {
				ALWAYS_SEARCH_USER_PATHS = NO;
				ASSETCATALOG_COMPILER_GENERATE_SWIFT_ASSET_SYMBOL_EXTENSIONS = YES;
				CLANG_ANALYZER_NONNULL = YES;
				CLANG_CXX_LANGUAGE_STANDARD = "gnu++20";
				CLANG_ENABLE_MODULES = YES;
				CLANG_ENABLE_OBJC_ARC = YES;
				COPY_PHASE_STRIP = NO;
				DEBUG_INFORMATION_FORMAT = "dwarf-with-dsym";
				ENABLE_STRICT_OBJC_MSGSEND = YES;
				GCC_OPTIMIZATION_LEVEL = s;
				MACOSX_DEPLOYMENT_TARGET = 13.0;
			};
			name = Release;
		};
/* End XCBuildConfiguration section */

/* Begin XCConfigurationList section */
		77A1B2C3D4E5F60000000018 /* Build configuration list for PBXNativeTarget "TeXCleaner" */ = {
			isa = XCConfigurationList;
			buildConfigurations = (
				77A1B2C3D4E5F60000000019 /* Debug */,
				77A1B2C3D4E5F6000000001A /* Release */,
			);
			defaultConfigurationIsVisible = 0;
			defaultConfigurationName = Release;
		};
		77A1B2C3D4E5F60000000025 /* Build configuration list for PBXProject "TeXCleaner" */ = {
			isa = XCConfigurationList;
			buildConfigurations = (
				77A1B2C3D4E5F6000000001B /* Debug */,
				77A1B2C3D4E5F6000000001C /* Release */,
			);
			defaultConfigurationIsVisible = 0;
			defaultConfigurationName = Release;
		};
/* End XCConfigurationList section */
	};
	rootObject = 77A1B2C3D4E5F60000000017 /* Project object */;
}
